
Microsoft Visual Studio Solution File, Format Version 12.00
# Visual Studio Version 16
VisualStudioVersion = 16.0.30804.86
MinimumVisualStudioVersion = 10.0.40219.1
Project("{FAE04EC0-301F-11D3-BF4B-00C04F79EFBC}") = "28.01.2021", "28.01.2021\28.01.2021.csproj", "{6FE6CA1C-D0FC-4730-8F59-A5FF01A95C2D}"
EndProject
Global
	GlobalSection(SolutionConfigurationPlatforms) = preSolution
		Debug|Any CPU = Debug|Any CPU
		Release|Any CPU = Release|Any CPU
	EndGlobalSection
	GlobalSection(ProjectConfigurationPlatforms) = postSolution
		{6FE6CA1C-D0FC-4730-8F59-A5FF01A95C2D}.Debug|Any CPU.ActiveCfg = Debug|Any CPU
		{6FE6CA1C-D0FC-4730-8F59-A5FF01A95C2D}.Debug|Any CPU.Build.0 = Debug|Any CPU
		{6FE6CA1C-D0FC-4730-8F59-A5FF01A95C2D}.Release|Any CPU.ActiveCfg = Release|Any CPU
		{6FE6CA1C-D0FC-4730-8F59-A5FF01A95C2D}.Release|Any CPU.Build.0 = Release|Any CPU
	EndGlobalSection
	GlobalSection(SolutionProperties) = preSolution
		HideSolutionNode = FALSE
	EndGlobalSection
	GlobalSection(ExtensibilityGlobals) = postSolution
		SolutionGuid = {DB3288ED-087F-414D-BFA9-2A0E284994F8}
	EndGlobalSection
EndGlobal
